
Microsoft Visual Studio Solution File, Format Version 12.00
# Visual Studio Version 17
VisualStudioVersion = 17.12.35506.116
MinimumVisualStudioVersion = 10.0.40219.1
Project("{8BC9CEB8-8B4A-11D0-8D11-00A0C91BC942}") = "Krok3ngine", "Krok3ngine\Krok3ngine.vcxproj", "{EF11283E-C235-49C9-8DA8-D3732FC160F4}"
EndProject
Project("{8BC9CEB8-8B4A-11D0-8D11-00A0C91BC942}") = "BlankProject", "BlankProject\BlankProject.vcxproj", "{F0D52353-2E68-4997-BD63-751EDA7404AD}"
EndProject
Global
	GlobalSection(SolutionConfigurationPlatforms) = preSolution
		Debug|x64 = Debug|x64
		Release|x64 = Release|x64
	EndGlobalSection
	GlobalSection(ProjectConfigurationPlatforms) = postSolution
		{EF11283E-C235-49C9-8DA8-D3732FC160F4}.Debug|x64.ActiveCfg = Debug|x64
		{EF11283E-C235-49C9-8DA8-D3732FC160F4}.Debug|x64.Build.0 = Debug|x64
		{EF11283E-C235-49C9-8DA8-D3732FC160F4}.Release|x64.ActiveCfg = Release|x64
		{EF11283E-C235-49C9-8DA8-D3732FC160F4}.Release|x64.Build.0 = Release|x64
		{F0D52353-2E68-4997-BD63-751EDA7404AD}.Debug|x64.ActiveCfg = Debug|x64
		{F0D52353-2E68-4997-BD63-751EDA7404AD}.Debug|x64.Build.0 = Debug|x64
		{F0D52353-2E68-4997-BD63-751EDA7404AD}.Release|x64.ActiveCfg = Release|x64
		{F0D52353-2E68-4997-BD63-751EDA7404AD}.Release|x64.Build.0 = Release|x64
	EndGlobalSection
	GlobalSection(SolutionProperties) = preSolution
		HideSolutionNode = FALSE
	EndGlobalSection
EndGlobal
